
Microsoft Visual Studio Solution File, Format Version 12.00
# Visual Studio Version 17
VisualStudioVersion = 17.14.36518.9 d17.14
MinimumVisualStudioVersion = 10.0.40219.1
Project("{FAE04EC0-301F-11D3-BF4B-00C04F79EFBC}") = "CleanArchitecure.Domain", "CleanArchitecure.Domain.csproj", "{73F1014B-E31B-4537-AF20-D9DC47CE7F0B}"
EndProject
Project("{FAE04EC0-301F-11D3-BF4B-00C04F79EFBC}") = "CleanArchitecture.Application", "..\CleanArchitecture.Application\CleanArchitecture.Application.csproj", "{CC11F296-1655-413F-8612-7A5D035DE7C4}"
EndProject
Project("{FAE04EC0-301F-11D3-BF4B-00C04F79EFBC}") = "CleanArchitecture.Infrastructure", "..\CleanArchitecture.Infrastructure\CleanArchitecture.Infrastructure.csproj", "{FB332456-B096-43D1-A22B-5D8658E6F146}"
EndProject
Project("{FAE04EC0-301F-11D3-BF4B-00C04F79EFBC}") = "CleanArchitecture.API", "..\CleanArchitecture.API\CleanArchitecture.API.csproj", "{6A6DA2ED-A924-4F33-99F7-14BBD3D2F9F9}"
EndProject
Global
	GlobalSection(SolutionConfigurationPlatforms) = preSolution
		Debug|Any CPU = Debug|Any CPU
		Release|Any CPU = Release|Any CPU
	EndGlobalSection
	GlobalSection(ProjectConfigurationPlatforms) = postSolution
		{73F1014B-E31B-4537-AF20-D9DC47CE7F0B}.Debug|Any CPU.ActiveCfg = Debug|Any CPU
		{73F1014B-E31B-4537-AF20-D9DC47CE7F0B}.Debug|Any CPU.Build.0 = Debug|Any CPU
		{73F1014B-E31B-4537-AF20-D9DC47CE7F0B}.Release|Any CPU.ActiveCfg = Release|Any CPU
		{73F1014B-E31B-4537-AF20-D9DC47CE7F0B}.Release|Any CPU.Build.0 = Release|Any CPU
		{CC11F296-1655-413F-8612-7A5D035DE7C4}.Debug|Any CPU.ActiveCfg = Debug|Any CPU
		{CC11F296-1655-413F-8612-7A5D035DE7C4}.Debug|Any CPU.Build.0 = Debug|Any CPU
		{CC11F296-1655-413F-8612-7A5D035DE7C4}.Release|Any CPU.ActiveCfg = Release|Any CPU
		{CC11F296-1655-413F-8612-7A5D035DE7C4}.Release|Any CPU.Build.0 = Release|Any CPU
		{FB332456-B096-43D1-A22B-5D8658E6F146}.Debug|Any CPU.ActiveCfg = Debug|Any CPU
		{FB332456-B096-43D1-A22B-5D8658E6F146}.Debug|Any CPU.Build.0 = Debug|Any CPU
		{FB332456-B096-43D1-A22B-5D8658E6F146}.Release|Any CPU.ActiveCfg = Release|Any CPU
		{FB332456-B096-43D1-A22B-5D8658E6F146}.Release|Any CPU.Build.0 = Release|Any CPU
		{6A6DA2ED-A924-4F33-99F7-14BBD3D2F9F9}.Debug|Any CPU.ActiveCfg = Debug|Any CPU
		{6A6DA2ED-A924-4F33-99F7-14BBD3D2F9F9}.Debug|Any CPU.Build.0 = Debug|Any CPU
		{6A6DA2ED-A924-4F33-99F7-14BBD3D2F9F9}.Release|Any CPU.ActiveCfg = Release|Any CPU
		{6A6DA2ED-A924-4F33-99F7-14BBD3D2F9F9}.Release|Any CPU.Build.0 = Release|Any CPU
	EndGlobalSection
	GlobalSection(SolutionProperties) = preSolution
		HideSolutionNode = FALSE
	EndGlobalSection
	GlobalSection(ExtensibilityGlobals) = postSolution
		SolutionGuid = {D80F791D-C24E-4BDE-8D7C-E4EBD1C983FA}
	EndGlobalSection
EndGlobal
